// !$*UTF8*$!
{
	archiveVersion = 1;
	classes = {
	};
	objectVersion = 50;
	objects = {

/* Begin PBXBuildFile section */
		308F961922C6E61400BE1BAD /* LoginViewController.swift in Sources */ = {isa = PBXBuildFile; fileRef = 308F961822C6E61400BE1BAD /* LoginViewController.swift */; };
		30BFCBC422C57BB1003506BA /* AppDelegate.swift in Sources */ = {isa = PBXBuildFile; fileRef = 30BFCBC322C57BB1003506BA /* AppDelegate.swift */; };
		30BFCBC622C57BB1003506BA /* ViewController.swift in Sources */ = {isa = PBXBuildFile; fileRef = 30BFCBC522C57BB1003506BA /* ViewController.swift */; };
		30BFCBC922C57BB1003506BA /* Main.storyboard in Resources */ = {isa = PBXBuildFile; fileRef = 30BFCBC722C57BB1003506BA /* Main.storyboard */; };
		30BFCBCB22C57BB3003506BA /* Assets.xcassets in Resources */ = {isa = PBXBuildFile; fileRef = 30BFCBCA22C57BB3003506BA /* Assets.xcassets */; };
		30BFCBCE22C57BB3003506BA /* LaunchScreen.storyboard in Resources */ = {isa = PBXBuildFile; fileRef = 30BFCBCC22C57BB3003506BA /* LaunchScreen.storyboard */; };
		30BFCBF422C62282003506BA /* BaseView.swift in Sources */ = {isa = PBXBuildFile; fileRef = 30BFCBF322C62282003506BA /* BaseView.swift */; };
		30BFCBF622C623CE003506BA /* DetailRestaurantView.swift in Sources */ = {isa = PBXBuildFile; fileRef = 30BFCBF522C623CE003506BA /* DetailRestaurantView.swift */; };
		30BFCBFB22C625B5003506BA /* RestaurantCell.swift in Sources */ = {isa = PBXBuildFile; fileRef = 30BFCBFA22C625B5003506BA /* RestaurantCell.swift */; };
		30BFCC0022C62618003506BA /* Models.swift in Sources */ = {isa = PBXBuildFile; fileRef = 30BFCBFF22C62618003506BA /* Models.swift */; };
		30BFCC0422C62681003506BA /* RestaurantDetailsViewController.swift in Sources */ = {isa = PBXBuildFile; fileRef = 30BFCC0322C62681003506BA /* RestaurantDetailsViewController.swift */; };
		30BFCC0622C62772003506BA /* RestaurantTableViewController.swift in Sources */ = {isa = PBXBuildFile; fileRef = 30BFCC0522C62772003506BA /* RestaurantTableViewController.swift */; };
		30BFCC0822C62792003506BA /* RestaurantTableViewCell.swift in Sources */ = {isa = PBXBuildFile; fileRef = 30BFCC0722C62792003506BA /* RestaurantTableViewCell.swift */; };
		30BFCC1122C62BCF003506BA /* LocationService.swift in Sources */ = {isa = PBXBuildFile; fileRef = 30BFCC1022C62BCF003506BA /* LocationService.swift */; };
		30BFCC1422C62C4E003506BA /* NetworkService.swift in Sources */ = {isa = PBXBuildFile; fileRef = 30BFCC1322C62C4E003506BA /* NetworkService.swift */; };
		D4F797842E6B7F99733A563A /* Pods_Nerde_Yesem.framework in Frameworks */ = {isa = PBXBuildFile; fileRef = 37AA9845E564721AE8AECC0F /* Pods_Nerde_Yesem.framework */; };
/* End PBXBuildFile section */

/* Begin PBXContainerItemProxy section */
		30BFCBD522C57BB3003506BA /* PBXContainerItemProxy */ = {
			isa = PBXContainerItemProxy;
			containerPortal = 30BFCBB822C57BB1003506BA /* Project object */;
			proxyType = 1;
			remoteGlobalIDString = 30BFCBBF22C57BB1003506BA;
			remoteInfo = "Nerde Yesem";
		};
		30BFCBE022C57BB3003506BA /* PBXContainerItemProxy */ = {
			isa = PBXContainerItemProxy;
			containerPortal = 30BFCBB822C57BB1003506BA /* Project object */;
			proxyType = 1;
			remoteGlobalIDString = 30BFCBBF22C57BB1003506BA;
			remoteInfo = "Nerde Yesem";
		};
/* End PBXContainerItemProxy section */

/* Begin PBXFileReference section */
		308F961822C6E61400BE1BAD /* LoginViewController.swift */ = {isa = PBXFileReference; lastKnownFileType = sourcecode.swift; path = LoginViewController.swift; sourceTree = "<group>"; };
		30BFCBC022C57BB1003506BA /* Nerde Yesem.app */ = {isa = PBXFileReference; explicitFileType = wrapper.application; includeInIndex = 0; path = "Nerde Yesem.app"; sourceTree = BUILT_PRODUCTS_DIR; };
		30BFCBC322C57BB1003506BA /* AppDelegate.swift */ = {isa = PBXFileReference; lastKnownFileType = sourcecode.swift; path = AppDelegate.swift; sourceTree = "<group>"; };
		30BFCBC522C57BB1003506BA /* ViewController.swift */ = {isa = PBXFileReference; lastKnownFileType = sourcecode.swift; path = ViewController.swift; sourceTree = "<group>"; };
		30BFCBC822C57BB1003506BA /* Base */ = {isa = PBXFileReference; lastKnownFileType = file.storyboard; name = Base; path = Base.lproj/Main.storyboard; sourceTree = "<group>"; };
		30BFCBCA22C57BB3003506BA /* Assets.xcassets */ = {isa = PBXFileReference; lastKnownFileType = folder.assetcatalog; path = Assets.xcassets; sourceTree = "<group>"; };
		30BFCBCD22C57BB3003506BA /* Base */ = {isa = PBXFileReference; lastKnownFileType = file.storyboard; name = Base; path = Base.lproj/LaunchScreen.storyboard; sourceTree = "<group>"; };
		30BFCBCF22C57BB3003506BA /* Info.plist */ = {isa = PBXFileReference; lastKnownFileType = text.plist.xml; path = Info.plist; sourceTree = "<group>"; };
		30BFCBD422C57BB3003506BA /* Nerde YesemTests.xctest */ = {isa = PBXFileReference; explicitFileType = wrapper.cfbundle; includeInIndex = 0; path = "Nerde YesemTests.xctest"; sourceTree = BUILT_PRODUCTS_DIR; };
		30BFCBDF22C57BB3003506BA /* Nerde YesemUITests.xctest */ = {isa = PBXFileReference; explicitFileType = wrapper.cfbundle; includeInIndex = 0; path = "Nerde YesemUITests.xctest"; sourceTree = BUILT_PRODUCTS_DIR; };
		30BFCBF322C62282003506BA /* BaseView.swift */ = {isa = PBXFileReference; lastKnownFileType = sourcecode.swift; path = BaseView.swift; sourceTree = "<group>"; };
		30BFCBF522C623CE003506BA /* DetailRestaurantView.swift */ = {isa = PBXFileReference; lastKnownFileType = sourcecode.swift; path = DetailRestaurantView.swift; sourceTree = "<group>"; };
		30BFCBFA22C625B5003506BA /* RestaurantCell.swift */ = {isa = PBXFileReference; lastKnownFileType = sourcecode.swift; path = RestaurantCell.swift; sourceTree = "<group>"; };
		30BFCBFF22C62618003506BA /* Models.swift */ = {isa = PBXFileReference; lastKnownFileType = sourcecode.swift; path = Models.swift; sourceTree = "<group>"; };
		30BFCC0322C62681003506BA /* RestaurantDetailsViewController.swift */ = {isa = PBXFileReference; lastKnownFileType = sourcecode.swift; path = RestaurantDetailsViewController.swift; sourceTree = "<group>"; };
		30BFCC0522C62772003506BA /* RestaurantTableViewController.swift */ = {isa = PBXFileReference; lastKnownFileType = sourcecode.swift; path = RestaurantTableViewController.swift; sourceTree = "<group>"; };
		30BFCC0722C62792003506BA /* RestaurantTableViewCell.swift */ = {isa = PBXFileReference; lastKnownFileType = sourcecode.swift; path = RestaurantTableViewCell.swift; sourceTree = "<group>"; };
		30BFCC1022C62BCF003506BA /* LocationService.swift */ = {isa = PBXFileReference; lastKnownFileType = sourcecode.swift; path = LocationService.swift; sourceTree = "<group>"; };
		30BFCC1322C62C4E003506BA /* NetworkService.swift */ = {isa = PBXFileReference; lastKnownFileType = sourcecode.swift; path = NetworkService.swift; sourceTree = "<group>"; };
		37AA9845E564721AE8AECC0F /* Pods_Nerde_Yesem.framework */ = {isa = PBXFileReference; explicitFileType = wrapper.framework; includeInIndex = 0; path = Pods_Nerde_Yesem.framework; sourceTree = BUILT_PRODUCTS_DIR; };
		62BF8E2426009DF50589BEE5 /* Pods-Nerde Yesem.release.xcconfig */ = {isa = PBXFileReference; includeInIndex = 1; lastKnownFileType = text.xcconfig; name = "Pods-Nerde Yesem.release.xcconfig"; path = "Target Support Files/Pods-Nerde Yesem/Pods-Nerde Yesem.release.xcconfig"; sourceTree = "<group>"; };
		804249532D0A7656E5644814 /* Pods-Nerde Yesem.debug.xcconfig */ = {isa = PBXFileReference; includeInIndex = 1; lastKnownFileType = text.xcconfig; name = "Pods-Nerde Yesem.debug.xcconfig"; path = "Target Support Files/Pods-Nerde Yesem/Pods-Nerde Yesem.debug.xcconfig"; sourceTree = "<group>"; };
/* End PBXFileReference section */

/* Begin PBXFrameworksBuildPhase section */
		30BFCBBD22C57BB1003506BA /* Frameworks */ = {
			isa = PBXFrameworksBuildPhase;
			buildActionMask = 2147483647;
			files = (
				D4F797842E6B7F99733A563A /* Pods_Nerde_Yesem.framework in Frameworks */,
			);
			runOnlyForDeploymentPostprocessing = 0;
		};
		30BFCBD122C57BB3003506BA /* Frameworks */ = {
			isa = PBXFrameworksBuildPhase;
			buildActionMask = 2147483647;
			files = (
			);
			runOnlyForDeploymentPostprocessing = 0;
		};
		30BFCBDC22C57BB3003506BA /* Frameworks */ = {
			isa = PBXFrameworksBuildPhase;
			buildActionMask = 2147483647;
			files = (
			);
			runOnlyForDeploymentPostprocessing = 0;
		};
/* End PBXFrameworksBuildPhase section */

/* Begin PBXGroup section */
		1609D3BE1CA8A366E1757DE8 /* Pods */ = {
			isa = PBXGroup;
			children = (
				804249532D0A7656E5644814 /* Pods-Nerde Yesem.debug.xcconfig */,
				62BF8E2426009DF50589BEE5 /* Pods-Nerde Yesem.release.xcconfig */,
			);
			path = Pods;
			sourceTree = "<group>";
		};
		308F961722C6E5FB00BE1BAD /* Login */ = {
			isa = PBXGroup;
			children = (
				308F961822C6E61400BE1BAD /* LoginViewController.swift */,
			);
			path = Login;
			sourceTree = "<group>";
		};
		30BFCBB722C57BB1003506BA = {
			isa = PBXGroup;
			children = (
				30BFCBC222C57BB1003506BA /* Nerde Yesem */,
				30BFCBC122C57BB1003506BA /* Products */,
				1609D3BE1CA8A366E1757DE8 /* Pods */,
				92E4E50FC74371A952C6E5FA /* Frameworks */,
			);
			sourceTree = "<group>";
		};
		30BFCBC122C57BB1003506BA /* Products */ = {
			isa = PBXGroup;
			children = (
				30BFCBC022C57BB1003506BA /* Nerde Yesem.app */,
				30BFCBD422C57BB3003506BA /* Nerde YesemTests.xctest */,
				30BFCBDF22C57BB3003506BA /* Nerde YesemUITests.xctest */,
			);
			name = Products;
			sourceTree = "<group>";
		};
		30BFCBC222C57BB1003506BA /* Nerde Yesem */ = {
			isa = PBXGroup;
			children = (
				30BFCC0E22C62BB9003506BA /* Services */,
				30BFCC0A22C627B5003506BA /* Models */,
				30BFCBF122C62252003506BA /* UI */,
				30BFCBC322C57BB1003506BA /* AppDelegate.swift */,
				30BFCBC522C57BB1003506BA /* ViewController.swift */,
				30BFCBC722C57BB1003506BA /* Main.storyboard */,
				30BFCBCA22C57BB3003506BA /* Assets.xcassets */,
				30BFCBCC22C57BB3003506BA /* LaunchScreen.storyboard */,
				30BFCBCF22C57BB3003506BA /* Info.plist */,
			);
			path = "Nerde Yesem";
			sourceTree = "<group>";
		};
		30BFCBF122C62252003506BA /* UI */ = {
			isa = PBXGroup;
			children = (
				30BFCBF222C62264003506BA /* Screens */,
				30BFCBF322C62282003506BA /* BaseView.swift */,
			);
			path = UI;
			sourceTree = "<group>";
		};
		30BFCBF222C62264003506BA /* Screens */ = {
			isa = PBXGroup;
			children = (
				308F961722C6E5FB00BE1BAD /* Login */,
				30BFCBFC22C625D1003506BA /* List */,
				30BFCBF722C62577003506BA /* Details */,
			);
			path = Screens;
			sourceTree = "<group>";
		};
		30BFCBF722C62577003506BA /* Details */ = {
			isa = PBXGroup;
			children = (
				30BFCC0B22C62828003506BA /* Views */,
				30BFCC0322C62681003506BA /* RestaurantDetailsViewController.swift */,
			);
			path = Details;
			sourceTree = "<group>";
		};
		30BFCBFC22C625D1003506BA /* List */ = {
			isa = PBXGroup;
			children = (
				30BFCC0922C627A8003506BA /* Views */,
				30BFCC0522C62772003506BA /* RestaurantTableViewController.swift */,
			);
			path = List;
			sourceTree = "<group>";
		};
		30BFCC0922C627A8003506BA /* Views */ = {
			isa = PBXGroup;
			children = (
				30BFCC0722C62792003506BA /* RestaurantTableViewCell.swift */,
			);
			path = Views;
			sourceTree = "<group>";
		};
		30BFCC0A22C627B5003506BA /* Models */ = {
			isa = PBXGroup;
			children = (
				30BFCBFF22C62618003506BA /* Models.swift */,
			);
			path = Models;
			sourceTree = "<group>";
		};
		30BFCC0B22C62828003506BA /* Views */ = {
			isa = PBXGroup;
			children = (
				30BFCBF522C623CE003506BA /* DetailRestaurantView.swift */,
				30BFCBFA22C625B5003506BA /* RestaurantCell.swift */,
			);
			path = Views;
			sourceTree = "<group>";
		};
		30BFCC0E22C62BB9003506BA /* Services */ = {
			isa = PBXGroup;
			children = (
				30BFCC1222C62C41003506BA /* Network */,
				30BFCC0F22C62BBE003506BA /* Location */,
			);
			path = Services;
			sourceTree = "<group>";
		};
		30BFCC0F22C62BBE003506BA /* Location */ = {
			isa = PBXGroup;
			children = (
				30BFCC1022C62BCF003506BA /* LocationService.swift */,
			);
			path = Location;
			sourceTree = "<group>";
		};
		30BFCC1222C62C41003506BA /* Network */ = {
			isa = PBXGroup;
			children = (
				30BFCC1322C62C4E003506BA /* NetworkService.swift */,
			);
			path = Network;
			sourceTree = "<group>";
		};
		92E4E50FC74371A952C6E5FA /* Frameworks */ = {
			isa = PBXGroup;
			children = (
				37AA9845E564721AE8AECC0F /* Pods_Nerde_Yesem.framework */,
			);
			name = Frameworks;
			sourceTree = "<group>";
		};
/* End PBXGroup section */

/* Begin PBXNativeTarget section */
		30BFCBBF22C57BB1003506BA /* Nerde Yesem */ = {
			isa = PBXNativeTarget;
			buildConfigurationList = 30BFCBE822C57BB3003506BA /* Build configuration list for PBXNativeTarget "Nerde Yesem" */;
			buildPhases = (
				164F8A23D445E0B24753C2F1 /* [CP] Check Pods Manifest.lock */,
				30BFCBBC22C57BB1003506BA /* Sources */,
				30BFCBBD22C57BB1003506BA /* Frameworks */,
				30BFCBBE22C57BB1003506BA /* Resources */,
				7297936F9A37993116176BD0 /* [CP] Embed Pods Frameworks */,
			);
			buildRules = (
			);
			dependencies = (
			);
			name = "Nerde Yesem";
			productName = "Nerde Yesem";
			productReference = 30BFCBC022C57BB1003506BA /* Nerde Yesem.app */;
			productType = "com.apple.product-type.application";
		};
		30BFCBD322C57BB3003506BA /* Nerde YesemTests */ = {
			isa = PBXNativeTarget;
			buildConfigurationList = 30BFCBEB22C57BB3003506BA /* Build configuration list for PBXNativeTarget "Nerde YesemTests" */;
			buildPhases = (
				30BFCBD022C57BB3003506BA /* Sources */,
				30BFCBD122C57BB3003506BA /* Frameworks */,
				30BFCBD222C57BB3003506BA /* Resources */,
			);
			buildRules = (
			);
			dependencies = (
				30BFCBD622C57BB3003506BA /* PBXTargetDependency */,
			);
			name = "Nerde YesemTests";
			productName = "Nerde YesemTests";
			productReference = 30BFCBD422C57BB3003506BA /* Nerde YesemTests.xctest */;
			productType = "com.apple.product-type.bundle.unit-test";
		};
		30BFCBDE22C57BB3003506BA /* Nerde YesemUITests */ = {
			isa = PBXNativeTarget;
			buildConfigurationList = 30BFCBEE22C57BB3003506BA /* Build configuration list for PBXNativeTarget "Nerde YesemUITests" */;
			buildPhases = (
				30BFCBDB22C57BB3003506BA /* Sources */,
				30BFCBDC22C57BB3003506BA /* Frameworks */,
				30BFCBDD22C57BB3003506BA /* Resources */,
			);
			buildRules = (
			);
			dependencies = (
				30BFCBE122C57BB3003506BA /* PBXTargetDependency */,
			);
			name = "Nerde YesemUITests";
			productName = "Nerde YesemUITests";
			productReference = 30BFCBDF22C57BB3003506BA /* Nerde YesemUITests.xctest */;
			productType = "com.apple.product-type.bundle.ui-testing";
		};
/* End PBXNativeTarget section */

/* Begin PBXProject section */
		30BFCBB822C57BB1003506BA /* Project object */ = {
			isa = PBXProject;
			attributes = {
				LastSwiftUpdateCheck = 1020;
				LastUpgradeCheck = 1020;
				ORGANIZATIONNAME = "umur yavuz";
				TargetAttributes = {
					30BFCBBF22C57BB1003506BA = {
						CreatedOnToolsVersion = 10.2.1;
					};
					30BFCBD322C57BB3003506BA = {
						CreatedOnToolsVersion = 10.2.1;
						TestTargetID = 30BFCBBF22C57BB1003506BA;
					};
					30BFCBDE22C57BB3003506BA = {
						CreatedOnToolsVersion = 10.2.1;
						TestTargetID = 30BFCBBF22C57BB1003506BA;
					};
				};
			};
			buildConfigurationList = 30BFCBBB22C57BB1003506BA /* Build configuration list for PBXProject "Nerde Yesem" */;
			compatibilityVersion = "Xcode 9.3";
			developmentRegion = en;
			hasScannedForEncodings = 0;
			knownRegions = (
				en,
				Base,
			);
			mainGroup = 30BFCBB722C57BB1003506BA;
			productRefGroup = 30BFCBC122C57BB1003506BA /* Products */;
			projectDirPath = "";
			projectRoot = "";
			targets = (
				30BFCBBF22C57BB1003506BA /* Nerde Yesem */,
				30BFCBD322C57BB3003506BA /* Nerde YesemTests */,
				30BFCBDE22C57BB3003506BA /* Nerde YesemUITests */,
			);
		};
/* End PBXProject section */

/* Begin PBXResourcesBuildPhase section */
		30BFCBBE22C57BB1003506BA /* Resources */ = {
			isa = PBXResourcesBuildPhase;
			buildActionMask = 2147483647;
			files = (
				30BFCBCE22C57BB3003506BA /* LaunchScreen.storyboard in Resources */,
				30BFCBCB22C57BB3003506BA /* Assets.xcassets in Resources */,
				30BFCBC922C57BB1003506BA /* Main.storyboard in Resources */,
			);
			runOnlyForDeploymentPostprocessing = 0;
		};
		30BFCBD222C57BB3003506BA /* Resources */ = {
			isa = PBXResourcesBuildPhase;
			buildActionMask = 2147483647;
			files = (
			);
			runOnlyForDeploymentPostprocessing = 0;
		};
		30BFCBDD22C57BB3003506BA /* Resources */ = {
			isa = PBXResourcesBuildPhase;
			buildActionMask = 2147483647;
			files = (
			);
			runOnlyForDeploymentPostprocessing = 0;
		};
/* End PBXResourcesBuildPhase section */

/* Begin PBXShellScriptBuildPhase section */
		164F8A23D445E0B24753C2F1 /* [CP] Check Pods Manifest.lock */ = {
			isa = PBXShellScriptBuildPhase;
			buildActionMask = 2147483647;
			files = (
			);
			inputFileListPaths = (
			);
			inputPaths = (
				"${PODS_PODFILE_DIR_PATH}/Podfile.lock",
				"${PODS_ROOT}/Manifest.lock",
			);
			name = "[CP] Check Pods Manifest.lock";
			outputFileListPaths = (
			);
			outputPaths = (
				"$(DERIVED_FILE_DIR)/Pods-Nerde Yesem-checkManifestLockResult.txt",
			);
			runOnlyForDeploymentPostprocessing = 0;
			shellPath = /bin/sh;
			shellScript = "diff \"${PODS_PODFILE_DIR_PATH}/Podfile.lock\" \"${PODS_ROOT}/Manifest.lock\" > /dev/null\nif [ $? != 0 ] ; then\n    # print error to STDERR\n    echo \"error: The sandbox is not in sync with the Podfile.lock. Run 'pod install' or update your CocoaPods installation.\" >&2\n    exit 1\nfi\n# This output is used by Xcode 'outputs' to avoid re-running this script phase.\necho \"SUCCESS\" > \"${SCRIPT_OUTPUT_FILE_0}\"\n";
			showEnvVarsInLog = 0;
		};
		7297936F9A37993116176BD0 /* [CP] Embed Pods Frameworks */ = {
			isa = PBXShellScriptBuildPhase;
			buildActionMask = 2147483647;
			files = (
			);
			inputFileListPaths = (
			);
			inputPaths = (
				"${PODS_ROOT}/Target Support Files/Pods-Nerde Yesem/Pods-Nerde Yesem-frameworks.sh",
				"${BUILT_PRODUCTS_DIR}/Alamofire/Alamofire.framework",
				"${BUILT_PRODUCTS_DIR}/AlamofireImage/AlamofireImage.framework",
				"${BUILT_PRODUCTS_DIR}/Moya/Moya.framework",
				"${BUILT_PRODUCTS_DIR}/Result/Result.framework",
			);
			name = "[CP] Embed Pods Frameworks";
			outputFileListPaths = (
			);
			outputPaths = (
				"${TARGET_BUILD_DIR}/${FRAMEWORKS_FOLDER_PATH}/Alamofire.framework",
				"${TARGET_BUILD_DIR}/${FRAMEWORKS_FOLDER_PATH}/AlamofireImage.framework",
				"${TARGET_BUILD_DIR}/${FRAMEWORKS_FOLDER_PATH}/Moya.framework",
				"${TARGET_BUILD_DIR}/${FRAMEWORKS_FOLDER_PATH}/Result.framework",
			);
			runOnlyForDeploymentPostprocessing = 0;
			shellPath = /bin/sh;
			shellScript = "\"${PODS_ROOT}/Target Support Files/Pods-Nerde Yesem/Pods-Nerde Yesem-frameworks.sh\"\n";
			showEnvVarsInLog = 0;
		};
/* End PBXShellScriptBuildPhase section */

/* Begin PBXSourcesBuildPhase section */
		30BFCBBC22C57BB1003506BA /* Sources */ = {
			isa = PBXSourcesBuildPhase;
			buildActionMask = 2147483647;
			files = (
				308F961922C6E61400BE1BAD /* LoginViewController.swift in Sources */,
				30BFCC1422C62C4E003506BA /* NetworkService.swift in Sources */,
				30BFCBFB22C625B5003506BA /* RestaurantCell.swift in Sources */,
				30BFCBC622C57BB1003506BA /* ViewController.swift in Sources */,
				30BFCC1122C62BCF003506BA /* LocationService.swift in Sources */,
				30BFCC0622C62772003506BA /* RestaurantTableViewController.swift in Sources */,
				30BFCC0422C62681003506BA /* RestaurantDetailsViewController.swift in Sources */,
				30BFCC0022C62618003506BA /* Models.swift in Sources */,
				30BFCBF622C623CE003506BA /* DetailRestaurantView.swift in Sources */,
				30BFCBF422C62282003506BA /* BaseView.swift in Sources */,
				30BFCC0822C62792003506BA /* RestaurantTableViewCell.swift in Sources */,
				30BFCBC422C57BB1003506BA /* AppDelegate.swift in Sources */,
			);
			runOnlyForDeploymentPostprocessing = 0;
		};
		30BFCBD022C57BB3003506BA /* Sources */ = {
			isa = PBXSourcesBuildPhase;
			buildActionMask = 2147483647;
			files = (
			);
			runOnlyForDeploymentPostprocessing = 0;
		};
		30BFCBDB22C57BB3003506BA /* Sources */ = {
			isa = PBXSourcesBuildPhase;
			buildActionMask = 2147483647;
			files = (
			);
			runOnlyForDeploymentPostprocessing = 0;
		};
/* End PBXSourcesBuildPhase section */

/* Begin PBXTargetDependency section */
		30BFCBD622C57BB3003506BA /* PBXTargetDependency */ = {
			isa = PBXTargetDependency;
			target = 30BFCBBF22C57BB1003506BA /* Nerde Yesem */;
			targetProxy = 30BFCBD522C57BB3003506BA /* PBXContainerItemProxy */;
		};
		30BFCBE122C57BB3003506BA /* PBXTargetDependency */ = {
			isa = PBXTargetDependency;
			target = 30BFCBBF22C57BB1003506BA /* Nerde Yesem */;
			targetProxy = 30BFCBE022C57BB3003506BA /* PBXContainerItemProxy */;
		};
/* End PBXTargetDependency section */

/* Begin PBXVariantGroup section */
		30BFCBC722C57BB1003506BA /* Main.storyboard */ = {
			isa = PBXVariantGroup;
			children = (
				30BFCBC822C57BB1003506BA /* Base */,
			);
			name = Main.storyboard;
			sourceTree = "<group>";
		};
		30BFCBCC22C57BB3003506BA /* LaunchScreen.storyboard */ = {
			isa = PBXVariantGroup;
			children = (
				30BFCBCD22C57BB3003506BA /* Base */,
			);
			name = LaunchScreen.storyboard;
			sourceTree = "<group>";
		};
/* End PBXVariantGroup section */

/* Begin XCBuildConfiguration section */
		30BFCBE622C57BB3003506BA /* Debug */ = {
			isa = XCBuildConfiguration;
			buildSettings = {
				ALWAYS_SEARCH_USER_PATHS = NO;
				CLANG_ANALYZER_NONNULL = YES;
				CLANG_ANALYZER_NUMBER_OBJECT_CONVERSION = YES_AGGRESSIVE;
				CLANG_CXX_LANGUAGE_STANDARD = "gnu++14";
				CLANG_CXX_LIBRARY = "libc++";
				CLANG_ENABLE_MODULES = YES;
				CLANG_ENABLE_OBJC_ARC = YES;
				CLANG_ENABLE_OBJC_WEAK = YES;
				CLANG_WARN_BLOCK_CAPTURE_AUTORELEASING = YES;
				CLANG_WARN_BOOL_CONVERSION = YES;
				CLANG_WARN_COMMA = YES;
				CLANG_WARN_CONSTANT_CONVERSION = YES;
				CLANG_WARN_DEPRECATED_OBJC_IMPLEMENTATIONS = YES;
				CLANG_WARN_DIRECT_OBJC_ISA_USAGE = YES_ERROR;
				CLANG_WARN_DOCUMENTATION_COMMENTS = YES;
				CLANG_WARN_EMPTY_BODY = YES;
				CLANG_WARN_ENUM_CONVERSION = YES;
				CLANG_WARN_INFINITE_RECURSION = YES;
				CLANG_WARN_INT_CONVERSION = YES;
				CLANG_WARN_NON_LITERAL_NULL_CONVERSION = YES;
				CLANG_WARN_OBJC_IMPLICIT_RETAIN_SELF = YES;
				CLANG_WARN_OBJC_LITERAL_CONVERSION = YES;
				CLANG_WARN_OBJC_ROOT_CLASS = YES_ERROR;
				CLANG_WARN_RANGE_LOOP_ANALYSIS = YES;
				CLANG_WARN_STRICT_PROTOTYPES = YES;
				CLANG_WARN_SUSPICIOUS_MOVE = YES;
				CLANG_WARN_UNGUARDED_AVAILABILITY = YES_AGGRESSIVE;
				CLANG_WARN_UNREACHABLE_CODE = YES;
				CLANG_WARN__DUPLICATE_METHOD_MATCH = YES;
				CODE_SIGN_IDENTITY = "iPhone Developer";
				COPY_PHASE_STRIP = NO;
				DEBUG_INFORMATION_FORMAT = dwarf;
				ENABLE_STRICT_OBJC_MSGSEND = YES;
				ENABLE_TESTABILITY = YES;
				GCC_C_LANGUAGE_STANDARD = gnu11;
				GCC_DYNAMIC_NO_PIC = NO;
				GCC_NO_COMMON_BLOCKS = YES;
				GCC_OPTIMIZATION_LEVEL = 0;
				GCC_PREPROCESSOR_DEFINITIONS = (
					"DEBUG=1",
					"$(inherited)",
				);
				GCC_WARN_64_TO_32_BIT_CONVERSION = YES;
				GCC_WARN_ABOUT_RETURN_TYPE = YES_ERROR;
				GCC_WARN_UNDECLARED_SELECTOR = YES;
				GCC_WARN_UNINITIALIZED_AUTOS = YES_AGGRESSIVE;
				GCC_WARN_UNUSED_FUNCTION = YES;
				GCC_WARN_UNUSED_VARIABLE = YES;
				IPHONEOS_DEPLOYMENT_TARGET = 12.2;
				MTL_ENABLE_DEBUG_INFO = INCLUDE_SOURCE;
				MTL_FAST_MATH = YES;
				ONLY_ACTIVE_ARCH = YES;
				SDKROOT = iphoneos;
				SWIFT_ACTIVE_COMPILATION_CONDITIONS = DEBUG;
				SWIFT_OPTIMIZATION_LEVEL = "-Onone";
			};
			name = Debug;
		};
		30BFCBE722C57BB3003506BA /* Release */ = {
			isa = XCBuildConfiguration;
			buildSettings = {
				ALWAYS_SEARCH_USER_PATHS = NO;
				CLANG_ANALYZER_NONNULL = YES;
				CLANG_ANALYZER_NUMBER_OBJECT_CONVERSION = YES_AGGRESSIVE;
				CLANG_CXX_LANGUAGE_STANDARD = "gnu++14";
				CLANG_CXX_LIBRARY = "libc++";
				CLANG_ENABLE_MODULES = YES;
				CLANG_ENABLE_OBJC_ARC = YES;
				CLANG_ENABLE_OBJC_WEAK = YES;
				CLANG_WARN_BLOCK_CAPTURE_AUTORELEASING = YES;
				CLANG_WARN_BOOL_CONVERSION = YES;
				CLANG_WARN_COMMA = YES;
				CLANG_WARN_CONSTANT_CONVERSION = YES;
				CLANG_WARN_DEPRECATED_OBJC_IMPLEMENTATIONS = YES;
				CLANG_WARN_DIRECT_OBJC_ISA_USAGE = YES_ERROR;
				CLANG_WARN_DOCUMENTATION_COMMENTS = YES;
				CLANG_WARN_EMPTY_BODY = YES;
				CLANG_WARN_ENUM_CONVERSION = YES;
				CLANG_WARN_INFINITE_RECURSION = YES;
				CLANG_WARN_INT_CONVERSION = YES;
				CLANG_WARN_NON_LITERAL_NULL_CONVERSION = YES;
				CLANG_WARN_OBJC_IMPLICIT_RETAIN_SELF = YES;
				CLANG_WARN_OBJC_LITERAL_CONVERSION = YES;
				CLANG_WARN_OBJC_ROOT_CLASS = YES_ERROR;
				CLANG_WARN_RANGE_LOOP_ANALYSIS = YES;
				CLANG_WARN_STRICT_PROTOTYPES = YES;
				CLANG_WARN_SUSPICIOUS_MOVE = YES;
				CLANG_WARN_UNGUARDED_AVAILABILITY = YES_AGGRESSIVE;
				CLANG_WARN_UNREACHABLE_CODE = YES;
				CLANG_WARN__DUPLICATE_METHOD_MATCH = YES;
				CODE_SIGN_IDENTITY = "iPhone Developer";
				COPY_PHASE_STRIP = NO;
				DEBUG_INFORMATION_FORMAT = "dwarf-with-dsym";
				ENABLE_NS_ASSERTIONS = NO;
				ENABLE_STRICT_OBJC_MSGSEND = YES;
				GCC_C_LANGUAGE_STANDARD = gnu11;
				GCC_NO_COMMON_BLOCKS = YES;
				GCC_WARN_64_TO_32_BIT_CONVERSION = YES;
				GCC_WARN_ABOUT_RETURN_TYPE = YES_ERROR;
				GCC_WARN_UNDECLARED_SELECTOR = YES;
				GCC_WARN_UNINITIALIZED_AUTOS = YES_AGGRESSIVE;
				GCC_WARN_UNUSED_FUNCTION = YES;
				GCC_WARN_UNUSED_VARIABLE = YES;
				IPHONEOS_DEPLOYMENT_TARGET = 12.2;
				MTL_ENABLE_DEBUG_INFO = NO;
				MTL_FAST_MATH = YES;
				SDKROOT = iphoneos;
				SWIFT_COMPILATION_MODE = wholemodule;
				SWIFT_OPTIMIZATION_LEVEL = "-O";
				VALIDATE_PRODUCT = YES;
			};
			name = Release;
		};
		30BFCBE922C57BB3003506BA /* Debug */ = {
			isa = XCBuildConfiguration;
			baseConfigurationReference = 804249532D0A7656E5644814 /* Pods-Nerde Yesem.debug.xcconfig */;
			buildSettings = {
				ASSETCATALOG_COMPILER_APPICON_NAME = AppIcon;
				CODE_SIGN_STYLE = Automatic;
				DEVELOPMENT_TEAM = EVJT3KZ38D;
				HEADER_SEARCH_PATHS = "$(SRCROOT)/Pods";
				INFOPLIST_FILE = "Nerde Yesem/Info.plist";
				IPHONEOS_DEPLOYMENT_TARGET = 11.0;
				LD_RUNPATH_SEARCH_PATHS = (
					"$(inherited)",
					"@executable_path/Frameworks",
				);
				PRODUCT_BUNDLE_IDENTIFIER = "umuryavuz.Nerde-Yesem";
				PRODUCT_NAME = "$(TARGET_NAME)";
				SWIFT_VERSION = 5.0;
				TARGETED_DEVICE_FAMILY = "1,2";
			};
			name = Debug;
		};
		30BFCBEA22C57BB3003506BA /* Release */ = {
			isa = XCBuildConfiguration;
			baseConfigurationReference = 62BF8E2426009DF50589BEE5 /* Pods-Nerde Yesem.release.xcconfig */;
			buildSettings = {
				ASSETCATALOG_COMPILER_APPICON_NAME = AppIcon;
				CODE_SIGN_STYLE = Automatic;
				DEVELOPMENT_TEAM = EVJT3KZ38D;
				HEADER_SEARCH_PATHS = "$(SRCROOT)/Pods";
				INFOPLIST_FILE = "Nerde Yesem/Info.plist";
				IPHONEOS_DEPLOYMENT_TARGET = 11.0;
				LD_RUNPATH_SEARCH_PATHS = (
					"$(inherited)",
					"@executable_path/Frameworks",
				);
				PRODUCT_BUNDLE_IDENTIFIER = "umuryavuz.Nerde-Yesem";
				PRODUCT_NAME = "$(TARGET_NAME)";
				SWIFT_VERSION = 5.0;
				TARGETED_DEVICE_FAMILY = "1,2";
			};
			name = Release;
		};
		30BFCBEC22C57BB3003506BA /* Debug */ = {
			isa = XCBuildConfiguration;
			buildSettings = {
				ALWAYS_EMBED_SWIFT_STANDARD_LIBRARIES = YES;
				BUNDLE_LOADER = "$(TEST_HOST)";
				CODE_SIGN_STYLE = Automatic;
				INFOPLIST_FILE = "Nerde YesemTests/Info.plist";
				LD_RUNPATH_SEARCH_PATHS = (
					"$(inherited)",
					"@executable_path/Frameworks",
					"@loader_path/Frameworks",
				);
				PRODUCT_BUNDLE_IDENTIFIER = "umuryavuz.Nerde-YesemTests";
				PRODUCT_NAME = "$(TARGET_NAME)";
				SWIFT_VERSION = 5.0;
				TARGETED_DEVICE_FAMILY = "1,2";
				TEST_HOST = "$(BUILT_PRODUCTS_DIR)/Nerde Yesem.app/Nerde Yesem";
			};
			name = Debug;
		};
		30BFCBED22C57BB3003506BA /* Release */ = {
			isa = XCBuildConfiguration;
			buildSettings = {
				ALWAYS_EMBED_SWIFT_STANDARD_LIBRARIES = YES;
				BUNDLE_LOADER = "$(TEST_HOST)";
				CODE_SIGN_STYLE = Automatic;
				INFOPLIST_FILE = "Nerde YesemTests/Info.plist";
				LD_RUNPATH_SEARCH_PATHS = (
					"$(inherited)",
					"@executable_path/Frameworks",
					"@loader_path/Frameworks",
				);
				PRODUCT_BUNDLE_IDENTIFIER = "umuryavuz.Nerde-YesemTests";
				PRODUCT_NAME = "$(TARGET_NAME)";
				SWIFT_VERSION = 5.0;
				TARGETED_DEVICE_FAMILY = "1,2";
				TEST_HOST = "$(BUILT_PRODUCTS_DIR)/Nerde Yesem.app/Nerde Yesem";
			};
			name = Release;
		};
		30BFCBEF22C57BB3003506BA /* Debug */ = {
			isa = XCBuildConfiguration;
			buildSettings = {
				ALWAYS_EMBED_SWIFT_STANDARD_LIBRARIES = YES;
				CODE_SIGN_STYLE = Automatic;
				INFOPLIST_FILE = "Nerde YesemUITests/Info.plist";
				LD_RUNPATH_SEARCH_PATHS = (
					"$(inherited)",
					"@executable_path/Frameworks",
					"@loader_path/Frameworks",
				);
				PRODUCT_BUNDLE_IDENTIFIER = "umuryavuz.Nerde-YesemUITests";
				PRODUCT_NAME = "$(TARGET_NAME)";
				SWIFT_VERSION = 5.0;
				TARGETED_DEVICE_FAMILY = "1,2";
				TEST_TARGET_NAME = "Nerde Yesem";
			};
			name = Debug;
		};
		30BFCBF022C57BB3003506BA /* Release */ = {
			isa = XCBuildConfiguration;
			buildSettings = {
				ALWAYS_EMBED_SWIFT_STANDARD_LIBRARIES = YES;
				CODE_SIGN_STYLE = Automatic;
				INFOPLIST_FILE = "Nerde YesemUITests/Info.plist";
				LD_RUNPATH_SEARCH_PATHS = (
					"$(inherited)",
					"@executable_path/Frameworks",
					"@loader_path/Frameworks",
				);
				PRODUCT_BUNDLE_IDENTIFIER = "umuryavuz.Nerde-YesemUITests";
				PRODUCT_NAME = "$(TARGET_NAME)";
				SWIFT_VERSION = 5.0;
				TARGETED_DEVICE_FAMILY = "1,2";
				TEST_TARGET_NAME = "Nerde Yesem";
			};
			name = Release;
		};
/* End XCBuildConfiguration section */

/* Begin XCConfigurationList section */
		30BFCBBB22C57BB1003506BA /* Build configuration list for PBXProject "Nerde Yesem" */ = {
			isa = XCConfigurationList;
			buildConfigurations = (
				30BFCBE622C57BB3003506BA /* Debug */,
				30BFCBE722C57BB3003506BA /* Release */,
			);
			defaultConfigurationIsVisible = 0;
			defaultConfigurationName = Release;
		};
		30BFCBE822C57BB3003506BA /* Build configuration list for PBXNativeTarget "Nerde Yesem" */ = {
			isa = XCConfigurationList;
			buildConfigurations = (
				30BFCBE922C57BB3003506BA /* Debug */,
				30BFCBEA22C57BB3003506BA /* Release */,
			);
			defaultConfigurationIsVisible = 0;
			defaultConfigurationName = Release;
		};
		30BFCBEB22C57BB3003506BA /* Build configuration list for PBXNativeTarget "Nerde YesemTests" */ = {
			isa = XCConfigurationList;
			buildConfigurations = (
				30BFCBEC22C57BB3003506BA /* Debug */,
				30BFCBED22C57BB3003506BA /* Release */,
			);
			defaultConfigurationIsVisible = 0;
			defaultConfigurationName = Release;
		};
		30BFCBEE22C57BB3003506BA /* Build configuration list for PBXNativeTarget "Nerde YesemUITests" */ = {
			isa = XCConfigurationList;
			buildConfigurations = (
				30BFCBEF22C57BB3003506BA /* Debug */,
				30BFCBF022C57BB3003506BA /* Release */,
			);
			defaultConfigurationIsVisible = 0;
			defaultConfigurationName = Release;
		};
/* End XCConfigurationList section */
	};
	rootObject = 30BFCBB822C57BB1003506BA /* Project object */;
}
