// !$*UTF8*$!
{
	archiveVersion = 1;
	classes = {
	};
	objectVersion = 50;
	objects = {

/* Begin PBXBuildFile section */
		30BFCBC422C57BB1003506BA /* AppDelegate.swift in Sources */ = {isa = PBXBuildFile; fileRef = 30BFCBC322C57BB1003506BA /* AppDelegate.swift */; };
		30BFCBC622C57BB1003506BA /* ViewController.swift in Sources */ = {isa = PBXBuildFile; fileRef = 30BFCBC522C57BB1003506BA /* ViewController.swift */; };
		30BFCBC922C57BB1003506BA /* Main.storyboard in Resources */ = {isa = PBXBuildFile; fileRef = 30BFCBC722C57BB1003506BA /* Main.storyboard */; };
		30BFCBCB22C57BB3003506BA /* Assets.xcassets in Resources */ = {isa = PBXBuildFile; fileRef = 30BFCBCA22C57BB3003506BA /* Assets.xcassets */; };
		30BFCBCE22C57BB3003506BA /* LaunchScreen.storyboard in Resources */ = {isa = PBXBuildFile; fileRef = 30BFCBCC22C57BB3003506BA /* LaunchScreen.storyboard */; };
		30BFCBD922C57BB3003506BA /* Nerde_YesemTests.swift in Sources */ = {isa = PBXBuildFile; fileRef = 30BFCBD822C57BB3003506BA /* Nerde_YesemTests.swift */; };
		30BFCBE422C57BB3003506BA /* Nerde_YesemUITests.swift in Sources */ = {isa = PBXBuildFile; fileRef = 30BFCBE322C57BB3003506BA /* Nerde_YesemUITests.swift */; };
/* End PBXBuildFile section */

/* Begin PBXContainerItemProxy section */
		30BFCBD522C57BB3003506BA /* PBXContainerItemProxy */ = {
			isa = PBXContainerItemProxy;
			containerPortal = 30BFCBB822C57BB1003506BA /* Project object */;
			proxyType = 1;
			remoteGlobalIDString = 30BFCBBF22C57BB1003506BA;
			remoteInfo = "Nerde Yesem";
		};
		30BFCBE022C57BB3003506BA /* PBXContainerItemProxy */ = {
			isa = PBXContainerItemProxy;
			containerPortal = 30BFCBB822C57BB1003506BA /* Project object */;
			proxyType = 1;
			remoteGlobalIDString = 30BFCBBF22C57BB1003506BA;
			remoteInfo = "Nerde Yesem";
		};
/* End PBXContainerItemProxy section */

/* Begin PBXFileReference section */
		30BFCBC022C57BB1003506BA /* Nerde Yesem.app */ = {isa = PBXFileReference; explicitFileType = wrapper.application; includeInIndex = 0; path = "Nerde Yesem.app"; sourceTree = BUILT_PRODUCTS_DIR; };
		30BFCBC322C57BB1003506BA /* AppDelegate.swift */ = {isa = PBXFileReference; lastKnownFileType = sourcecode.swift; path = AppDelegate.swift; sourceTree = "<group>"; };
		30BFCBC522C57BB1003506BA /* ViewController.swift */ = {isa = PBXFileReference; lastKnownFileType = sourcecode.swift; path = ViewController.swift; sourceTree = "<group>"; };
		30BFCBC822C57BB1003506BA /* Base */ = {isa = PBXFileReference; lastKnownFileType = file.storyboard; name = Base; path = Base.lproj/Main.storyboard; sourceTree = "<group>"; };
		30BFCBCA22C57BB3003506BA /* Assets.xcassets */ = {isa = PBXFileReference; lastKnownFileType = folder.assetcatalog; path = Assets.xcassets; sourceTree = "<group>"; };
		30BFCBCD22C57BB3003506BA /* Base */ = {isa = PBXFileReference; lastKnownFileType = file.storyboard; name = Base; path = Base.lproj/LaunchScreen.storyboard; sourceTree = "<group>"; };
		30BFCBCF22C57BB3003506BA /* Info.plist */ = {isa = PBXFileReference; lastKnownFileType = text.plist.xml; path = Info.plist; sourceTree = "<group>"; };
		30BFCBD422C57BB3003506BA /* Nerde YesemTests.xctest */ = {isa = PBXFileReference; explicitFileType = wrapper.cfbundle; includeInIndex = 0; path = "Nerde YesemTests.xctest"; sourceTree = BUILT_PRODUCTS_DIR; };
		30BFCBD822C57BB3003506BA /* Nerde_YesemTests.swift */ = {isa = PBXFileReference; lastKnownFileType = sourcecode.swift; path = Nerde_YesemTests.swift; sourceTree = "<group>"; };
		30BFCBDA22C57BB3003506BA /* Info.plist */ = {isa = PBXFileReference; lastKnownFileType = text.plist.xml; path = Info.plist; sourceTree = "<group>"; };
		30BFCBDF22C57BB3003506BA /* Nerde YesemUITests.xctest */ = {isa = PBXFileReference; explicitFileType = wrapper.cfbundle; includeInIndex = 0; path = "Nerde YesemUITests.xctest"; sourceTree = BUILT_PRODUCTS_DIR; };
		30BFCBE322C57BB3003506BA /* Nerde_YesemUITests.swift */ = {isa = PBXFileReference; lastKnownFileType = sourcecode.swift; path = Nerde_YesemUITests.swift; sourceTree = "<group>"; };
		30BFCBE522C57BB3003506BA /* Info.plist */ = {isa = PBXFileReference; lastKnownFileType = text.plist.xml; path = Info.plist; sourceTree = "<group>"; };
/* End PBXFileReference section */

/* Begin PBXFrameworksBuildPhase section */
		30BFCBBD22C57BB1003506BA /* Frameworks */ = {
			isa = PBXFrameworksBuildPhase;
			buildActionMask = 2147483647;
			files = (
			);
			runOnlyForDeploymentPostprocessing = 0;
		};
		30BFCBD122C57BB3003506BA /* Frameworks */ = {
			isa = PBXFrameworksBuildPhase;
			buildActionMask = 2147483647;
			files = (
			);
			runOnlyForDeploymentPostprocessing = 0;
		};
		30BFCBDC22C57BB3003506BA /* Frameworks */ = {
			isa = PBXFrameworksBuildPhase;
			buildActionMask = 2147483647;
			files = (
			);
			runOnlyForDeploymentPostprocessing = 0;
		};
/* End PBXFrameworksBuildPhase section */

/* Begin PBXGroup section */
		30BFCBB722C57BB1003506BA = {
			isa = PBXGroup;
			children = (
				30BFCBC222C57BB1003506BA /* Nerde Yesem */,
				30BFCBD722C57BB3003506BA /* Nerde YesemTests */,
				30BFCBE222C57BB3003506BA /* Nerde YesemUITests */,
				30BFCBC122C57BB1003506BA /* Products */,
			);
			sourceTree = "<group>";
		};
		30BFCBC122C57BB1003506BA /* Products */ = {
			isa = PBXGroup;
			children = (
				30BFCBC022C57BB1003506BA /* Nerde Yesem.app */,
				30BFCBD422C57BB3003506BA /* Nerde YesemTests.xctest */,
				30BFCBDF22C57BB3003506BA /* Nerde YesemUITests.xctest */,
			);
			name = Products;
			sourceTree = "<group>";
		};
		30BFCBC222C57BB1003506BA /* Nerde Yesem */ = {
			isa = PBXGroup;
			children = (
				30BFCBC322C57BB1003506BA /* AppDelegate.swift */,
				30BFCBC522C57BB1003506BA /* ViewController.swift */,
				30BFCBC722C57BB1003506BA /* Main.storyboard */,
				30BFCBCA22C57BB3003506BA /* Assets.xcassets */,
				30BFCBCC22C57BB3003506BA /* LaunchScreen.storyboard */,
				30BFCBCF22C57BB3003506BA /* Info.plist */,
			);
			path = "Nerde Yesem";
			sourceTree = "<group>";
		};
		30BFCBD722C57BB3003506BA /* Nerde YesemTests */ = {
			isa = PBXGroup;
			children = (
				30BFCBD822C57BB3003506BA /* Nerde_YesemTests.swift */,
				30BFCBDA22C57BB3003506BA /* Info.plist */,
			);
			path = "Nerde YesemTests";
			sourceTree = "<group>";
		};
		30BFCBE222C57BB3003506BA /* Nerde YesemUITests */ = {
			isa = PBXGroup;
			children = (
				30BFCBE322C57BB3003506BA /* Nerde_YesemUITests.swift */,
				30BFCBE522C57BB3003506BA /* Info.plist */,
			);
			path = "Nerde YesemUITests";
			sourceTree = "<group>";
		};
/* End PBXGroup section */

/* Begin PBXNativeTarget section */
		30BFCBBF22C57BB1003506BA /* Nerde Yesem */ = {
			isa = PBXNativeTarget;
			buildConfigurationList = 30BFCBE822C57BB3003506BA /* Build configuration list for PBXNativeTarget "Nerde Yesem" */;
			buildPhases = (
				30BFCBBC22C57BB1003506BA /* Sources */,
				30BFCBBD22C57BB1003506BA /* Frameworks */,
				30BFCBBE22C57BB1003506BA /* Resources */,
			);
			buildRules = (
			);
			dependencies = (
			);
			name = "Nerde Yesem";
			productName = "Nerde Yesem";
			productReference = 30BFCBC022C57BB1003506BA /* Nerde Yesem.app */;
			productType = "com.apple.product-type.application";
		};
		30BFCBD322C57BB3003506BA /* Nerde YesemTests */ = {
			isa = PBXNativeTarget;
			buildConfigurationList = 30BFCBEB22C57BB3003506BA /* Build configuration list for PBXNativeTarget "Nerde YesemTests" */;
			buildPhases = (
				30BFCBD022C57BB3003506BA /* Sources */,
				30BFCBD122C57BB3003506BA /* Frameworks */,
				30BFCBD222C57BB3003506BA /* Resources */,
			);
			buildRules = (
			);
			dependencies = (
				30BFCBD622C57BB3003506BA /* PBXTargetDependency */,
			);
			name = "Nerde YesemTests";
			productName = "Nerde YesemTests";
			productReference = 30BFCBD422C57BB3003506BA /* Nerde YesemTests.xctest */;
			productType = "com.apple.product-type.bundle.unit-test";
		};
		30BFCBDE22C57BB3003506BA /* Nerde YesemUITests */ = {
			isa = PBXNativeTarget;
			buildConfigurationList = 30BFCBEE22C57BB3003506BA /* Build configuration list for PBXNativeTarget "Nerde YesemUITests" */;
			buildPhases = (
				30BFCBDB22C57BB3003506BA /* Sources */,
				30BFCBDC22C57BB3003506BA /* Frameworks */,
				30BFCBDD22C57BB3003506BA /* Resources */,
			);
			buildRules = (
			);
			dependencies = (
				30BFCBE122C57BB3003506BA /* PBXTargetDependency */,
			);
			name = "Nerde YesemUITests";
			productName = "Nerde YesemUITests";
			productReference = 30BFCBDF22C57BB3003506BA /* Nerde YesemUITests.xctest */;
			productType = "com.apple.product-type.bundle.ui-testing";
		};
/* End PBXNativeTarget section */

/* Begin PBXProject section */
		30BFCBB822C57BB1003506BA /* Project object */ = {
			isa = PBXProject;
			attributes = {
				LastSwiftUpdateCheck = 1020;
				LastUpgradeCheck = 1020;
				ORGANIZATIONNAME = "umur yavuz";
				TargetAttributes = {
					30BFCBBF22C57BB1003506BA = {
						CreatedOnToolsVersion = 10.2.1;
					};
					30BFCBD322C57BB3003506BA = {
						CreatedOnToolsVersion = 10.2.1;
						TestTargetID = 30BFCBBF22C57BB1003506BA;
					};
					30BFCBDE22C57BB3003506BA = {
						CreatedOnToolsVersion = 10.2.1;
						TestTargetID = 30BFCBBF22C57BB1003506BA;
					};
				};
			};
			buildConfigurationList = 30BFCBBB22C57BB1003506BA /* Build configuration list for PBXProject "Nerde Yesem" */;
			compatibilityVersion = "Xcode 9.3";
			developmentRegion = en;
			hasScannedForEncodings = 0;
			knownRegions = (
				en,
				Base,
			);
			mainGroup = 30BFCBB722C57BB1003506BA;
			productRefGroup = 30BFCBC122C57BB1003506BA /* Products */;
			projectDirPath = "";
			projectRoot = "";
			targets = (
				30BFCBBF22C57BB1003506BA /* Nerde Yesem */,
				30BFCBD322C57BB3003506BA /* Nerde YesemTests */,
				30BFCBDE22C57BB3003506BA /* Nerde YesemUITests */,
			);
		};
/* End PBXProject section */

/* Begin PBXResourcesBuildPhase section */
		30BFCBBE22C57BB1003506BA /* Resources */ = {
			isa = PBXResourcesBuildPhase;
			buildActionMask = 2147483647;
			files = (
				30BFCBCE22C57BB3003506BA /* LaunchScreen.storyboard in Resources */,
				30BFCBCB22C57BB3003506BA /* Assets.xcassets in Resources */,
				30BFCBC922C57BB1003506BA /* Main.storyboard in Resources */,
			);
			runOnlyForDeploymentPostprocessing = 0;
		};
		30BFCBD222C57BB3003506BA /* Resources */ = {
			isa = PBXResourcesBuildPhase;
			buildActionMask = 2147483647;
			files = (
			);
			runOnlyForDeploymentPostprocessing = 0;
		};
		30BFCBDD22C57BB3003506BA /* Resources */ = {
			isa = PBXResourcesBuildPhase;
			buildActionMask = 2147483647;
			files = (
			);
			runOnlyForDeploymentPostprocessing = 0;
		};
/* End PBXResourcesBuildPhase section */

/* Begin PBXSourcesBuildPhase section */
		30BFCBBC22C57BB1003506BA /* Sources */ = {
			isa = PBXSourcesBuildPhase;
			buildActionMask = 2147483647;
			files = (
				30BFCBC622C57BB1003506BA /* ViewController.swift in Sources */,
				30BFCBC422C57BB1003506BA /* AppDelegate.swift in Sources */,
			);
			runOnlyForDeploymentPostprocessing = 0;
		};
		30BFCBD022C57BB3003506BA /* Sources */ = {
			isa = PBXSourcesBuildPhase;
			buildActionMask = 2147483647;
			files = (
				30BFCBD922C57BB3003506BA /* Nerde_YesemTests.swift in Sources */,
			);
			runOnlyForDeploymentPostprocessing = 0;
		};
		30BFCBDB22C57BB3003506BA /* Sources */ = {
			isa = PBXSourcesBuildPhase;
			buildActionMask = 2147483647;
			files = (
				30BFCBE422C57BB3003506BA /* Nerde_YesemUITests.swift in Sources */,
			);
			runOnlyForDeploymentPostprocessing = 0;
		};
/* End PBXSourcesBuildPhase section */

/* Begin PBXTargetDependency section */
		30BFCBD622C57BB3003506BA /* PBXTargetDependency */ = {
			isa = PBXTargetDependency;
			target = 30BFCBBF22C57BB1003506BA /* Nerde Yesem */;
			targetProxy = 30BFCBD522C57BB3003506BA /* PBXContainerItemProxy */;
		};
		30BFCBE122C57BB3003506BA /* PBXTargetDependency */ = {
			isa = PBXTargetDependency;
			target = 30BFCBBF22C57BB1003506BA /* Nerde Yesem */;
			targetProxy = 30BFCBE022C57BB3003506BA /* PBXContainerItemProxy */;
		};
/* End PBXTargetDependency section */

/* Begin PBXVariantGroup section */
		30BFCBC722C57BB1003506BA /* Main.storyboard */ = {
			isa = PBXVariantGroup;
			children = (
				30BFCBC822C57BB1003506BA /* Base */,
			);
			name = Main.storyboard;
			sourceTree = "<group>";
		};
		30BFCBCC22C57BB3003506BA /* LaunchScreen.storyboard */ = {
			isa = PBXVariantGroup;
			children = (
				30BFCBCD22C57BB3003506BA /* Base */,
			);
			name = LaunchScreen.storyboard;
			sourceTree = "<group>";
		};
/* End PBXVariantGroup section */

/* Begin XCBuildConfiguration section */
		30BFCBE622C57BB3003506BA /* Debug */ = {
			isa = XCBuildConfiguration;
			buildSettings = {
				ALWAYS_SEARCH_USER_PATHS = NO;
				CLANG_ANALYZER_NONNULL = YES;
				CLANG_ANALYZER_NUMBER_OBJECT_CONVERSION = YES_AGGRESSIVE;
				CLANG_CXX_LANGUAGE_STANDARD = "gnu++14";
				CLANG_CXX_LIBRARY = "libc++";
				CLANG_ENABLE_MODULES = YES;
				CLANG_ENABLE_OBJC_ARC = YES;
				CLANG_ENABLE_OBJC_WEAK = YES;
				CLANG_WARN_BLOCK_CAPTURE_AUTORELEASING = YES;
				CLANG_WARN_BOOL_CONVERSION = YES;
				CLANG_WARN_COMMA = YES;
				CLANG_WARN_CONSTANT_CONVERSION = YES;
				CLANG_WARN_DEPRECATED_OBJC_IMPLEMENTATIONS = YES;
				CLANG_WARN_DIRECT_OBJC_ISA_USAGE = YES_ERROR;
				CLANG_WARN_DOCUMENTATION_COMMENTS = YES;
				CLANG_WARN_EMPTY_BODY = YES;
				CLANG_WARN_ENUM_CONVERSION = YES;
				CLANG_WARN_INFINITE_RECURSION = YES;
				CLANG_WARN_INT_CONVERSION = YES;
				CLANG_WARN_NON_LITERAL_NULL_CONVERSION = YES;
				CLANG_WARN_OBJC_IMPLICIT_RETAIN_SELF = YES;
				CLANG_WARN_OBJC_LITERAL_CONVERSION = YES;
				CLANG_WARN_OBJC_ROOT_CLASS = YES_ERROR;
				CLANG_WARN_RANGE_LOOP_ANALYSIS = YES;
				CLANG_WARN_STRICT_PROTOTYPES = YES;
				CLANG_WARN_SUSPICIOUS_MOVE = YES;
				CLANG_WARN_UNGUARDED_AVAILABILITY = YES_AGGRESSIVE;
				CLANG_WARN_UNREACHABLE_CODE = YES;
				CLANG_WARN__DUPLICATE_METHOD_MATCH = YES;
				CODE_SIGN_IDENTITY = "iPhone Developer";
				COPY_PHASE_STRIP = NO;
				DEBUG_INFORMATION_FORMAT = dwarf;
				ENABLE_STRICT_OBJC_MSGSEND = YES;
				ENABLE_TESTABILITY = YES;
				GCC_C_LANGUAGE_STANDARD = gnu11;
				GCC_DYNAMIC_NO_PIC = NO;
				GCC_NO_COMMON_BLOCKS = YES;
				GCC_OPTIMIZATION_LEVEL = 0;
				GCC_PREPROCESSOR_DEFINITIONS = (
					"DEBUG=1",
					"$(inherited)",
				);
				GCC_WARN_64_TO_32_BIT_CONVERSION = YES;
				GCC_WARN_ABOUT_RETURN_TYPE = YES_ERROR;
				GCC_WARN_UNDECLARED_SELECTOR = YES;
				GCC_WARN_UNINITIALIZED_AUTOS = YES_AGGRESSIVE;
				GCC_WARN_UNUSED_FUNCTION = YES;
				GCC_WARN_UNUSED_VARIABLE = YES;
				IPHONEOS_DEPLOYMENT_TARGET = 12.2;
				MTL_ENABLE_DEBUG_INFO = INCLUDE_SOURCE;
				MTL_FAST_MATH = YES;
				ONLY_ACTIVE_ARCH = YES;
				SDKROOT = iphoneos;
				SWIFT_ACTIVE_COMPILATION_CONDITIONS = DEBUG;
				SWIFT_OPTIMIZATION_LEVEL = "-Onone";
			};
			name = Debug;
		};
		30BFCBE722C57BB3003506BA /* Release */ = {
			isa = XCBuildConfiguration;
			buildSettings = {
				ALWAYS_SEARCH_USER_PATHS = NO;
				CLANG_ANALYZER_NONNULL = YES;
				CLANG_ANALYZER_NUMBER_OBJECT_CONVERSION = YES_AGGRESSIVE;
				CLANG_CXX_LANGUAGE_STANDARD = "gnu++14";
				CLANG_CXX_LIBRARY = "libc++";
				CLANG_ENABLE_MODULES = YES;
				CLANG_ENABLE_OBJC_ARC = YES;
				CLANG_ENABLE_OBJC_WEAK = YES;
				CLANG_WARN_BLOCK_CAPTURE_AUTORELEASING = YES;
				CLANG_WARN_BOOL_CONVERSION = YES;
				CLANG_WARN_COMMA = YES;
				CLANG_WARN_CONSTANT_CONVERSION = YES;
				CLANG_WARN_DEPRECATED_OBJC_IMPLEMENTATIONS = YES;
				CLANG_WARN_DIRECT_OBJC_ISA_USAGE = YES_ERROR;
				CLANG_WARN_DOCUMENTATION_COMMENTS = YES;
				CLANG_WARN_EMPTY_BODY = YES;
				CLANG_WARN_ENUM_CONVERSION = YES;
				CLANG_WARN_INFINITE_RECURSION = YES;
				CLANG_WARN_INT_CONVERSION = YES;
				CLANG_WARN_NON_LITERAL_NULL_CONVERSION = YES;
				CLANG_WARN_OBJC_IMPLICIT_RETAIN_SELF = YES;
				CLANG_WARN_OBJC_LITERAL_CONVERSION = YES;
				CLANG_WARN_OBJC_ROOT_CLASS = YES_ERROR;
				CLANG_WARN_RANGE_LOOP_ANALYSIS = YES;
				CLANG_WARN_STRICT_PROTOTYPES = YES;
				CLANG_WARN_SUSPICIOUS_MOVE = YES;
				CLANG_WARN_UNGUARDED_AVAILABILITY = YES_AGGRESSIVE;
				CLANG_WARN_UNREACHABLE_CODE = YES;
				CLANG_WARN__DUPLICATE_METHOD_MATCH = YES;
				CODE_SIGN_IDENTITY = "iPhone Developer";
				COPY_PHASE_STRIP = NO;
				DEBUG_INFORMATION_FORMAT = "dwarf-with-dsym";
				ENABLE_NS_ASSERTIONS = NO;
				ENABLE_STRICT_OBJC_MSGSEND = YES;
				GCC_C_LANGUAGE_STANDARD = gnu11;
				GCC_NO_COMMON_BLOCKS = YES;
				GCC_WARN_64_TO_32_BIT_CONVERSION = YES;
				GCC_WARN_ABOUT_RETURN_TYPE = YES_ERROR;
				GCC_WARN_UNDECLARED_SELECTOR = YES;
				GCC_WARN_UNINITIALIZED_AUTOS = YES_AGGRESSIVE;
				GCC_WARN_UNUSED_FUNCTION = YES;
				GCC_WARN_UNUSED_VARIABLE = YES;
				IPHONEOS_DEPLOYMENT_TARGET = 12.2;
				MTL_ENABLE_DEBUG_INFO = NO;
				MTL_FAST_MATH = YES;
				SDKROOT = iphoneos;
				SWIFT_COMPILATION_MODE = wholemodule;
				SWIFT_OPTIMIZATION_LEVEL = "-O";
				VALIDATE_PRODUCT = YES;
			};
			name = Release;
		};
		30BFCBE922C57BB3003506BA /* Debug */ = {
			isa = XCBuildConfiguration;
			buildSettings = {
				ASSETCATALOG_COMPILER_APPICON_NAME = AppIcon;
				CODE_SIGN_STYLE = Automatic;
				INFOPLIST_FILE = "Nerde Yesem/Info.plist";
				LD_RUNPATH_SEARCH_PATHS = (
					"$(inherited)",
					"@executable_path/Frameworks",
				);
				PRODUCT_BUNDLE_IDENTIFIER = "umuryavuz.Nerde-Yesem";
				PRODUCT_NAME = "$(TARGET_NAME)";
				SWIFT_VERSION = 5.0;
				TARGETED_DEVICE_FAMILY = "1,2";
			};
			name = Debug;
		};
		30BFCBEA22C57BB3003506BA /* Release */ = {
			isa = XCBuildConfiguration;
			buildSettings = {
				ASSETCATALOG_COMPILER_APPICON_NAME = AppIcon;
				CODE_SIGN_STYLE = Automatic;
				INFOPLIST_FILE = "Nerde Yesem/Info.plist";
				LD_RUNPATH_SEARCH_PATHS = (
					"$(inherited)",
					"@executable_path/Frameworks",
				);
				PRODUCT_BUNDLE_IDENTIFIER = "umuryavuz.Nerde-Yesem";
				PRODUCT_NAME = "$(TARGET_NAME)";
				SWIFT_VERSION = 5.0;
				TARGETED_DEVICE_FAMILY = "1,2";
			};
			name = Release;
		};
		30BFCBEC22C57BB3003506BA /* Debug */ = {
			isa = XCBuildConfiguration;
			buildSettings = {
				ALWAYS_EMBED_SWIFT_STANDARD_LIBRARIES = YES;
				BUNDLE_LOADER = "$(TEST_HOST)";
				CODE_SIGN_STYLE = Automatic;
				INFOPLIST_FILE = "Nerde YesemTests/Info.plist";
				LD_RUNPATH_SEARCH_PATHS = (
					"$(inherited)",
					"@executable_path/Frameworks",
					"@loader_path/Frameworks",
				);
				PRODUCT_BUNDLE_IDENTIFIER = "umuryavuz.Nerde-YesemTests";
				PRODUCT_NAME = "$(TARGET_NAME)";
				SWIFT_VERSION = 5.0;
				TARGETED_DEVICE_FAMILY = "1,2";
				TEST_HOST = "$(BUILT_PRODUCTS_DIR)/Nerde Yesem.app/Nerde Yesem";
			};
			name = Debug;
		};
		30BFCBED22C57BB3003506BA /* Release */ = {
			isa = XCBuildConfiguration;
			buildSettings = {
				ALWAYS_EMBED_SWIFT_STANDARD_LIBRARIES = YES;
				BUNDLE_LOADER = "$(TEST_HOST)";
				CODE_SIGN_STYLE = Automatic;
				INFOPLIST_FILE = "Nerde YesemTests/Info.plist";
				LD_RUNPATH_SEARCH_PATHS = (
					"$(inherited)",
					"@executable_path/Frameworks",
					"@loader_path/Frameworks",
				);
				PRODUCT_BUNDLE_IDENTIFIER = "umuryavuz.Nerde-YesemTests";
				PRODUCT_NAME = "$(TARGET_NAME)";
				SWIFT_VERSION = 5.0;
				TARGETED_DEVICE_FAMILY = "1,2";
				TEST_HOST = "$(BUILT_PRODUCTS_DIR)/Nerde Yesem.app/Nerde Yesem";
			};
			name = Release;
		};
		30BFCBEF22C57BB3003506BA /* Debug */ = {
			isa = XCBuildConfiguration;
			buildSettings = {
				ALWAYS_EMBED_SWIFT_STANDARD_LIBRARIES = YES;
				CODE_SIGN_STYLE = Automatic;
				INFOPLIST_FILE = "Nerde YesemUITests/Info.plist";
				LD_RUNPATH_SEARCH_PATHS = (
					"$(inherited)",
					"@executable_path/Frameworks",
					"@loader_path/Frameworks",
				);
				PRODUCT_BUNDLE_IDENTIFIER = "umuryavuz.Nerde-YesemUITests";
				PRODUCT_NAME = "$(TARGET_NAME)";
				SWIFT_VERSION = 5.0;
				TARGETED_DEVICE_FAMILY = "1,2";
				TEST_TARGET_NAME = "Nerde Yesem";
			};
			name = Debug;
		};
		30BFCBF022C57BB3003506BA /* Release */ = {
			isa = XCBuildConfiguration;
			buildSettings = {
				ALWAYS_EMBED_SWIFT_STANDARD_LIBRARIES = YES;
				CODE_SIGN_STYLE = Automatic;
				INFOPLIST_FILE = "Nerde YesemUITests/Info.plist";
				LD_RUNPATH_SEARCH_PATHS = (
					"$(inherited)",
					"@executable_path/Frameworks",
					"@loader_path/Frameworks",
				);
				PRODUCT_BUNDLE_IDENTIFIER = "umuryavuz.Nerde-YesemUITests";
				PRODUCT_NAME = "$(TARGET_NAME)";
				SWIFT_VERSION = 5.0;
				TARGETED_DEVICE_FAMILY = "1,2";
				TEST_TARGET_NAME = "Nerde Yesem";
			};
			name = Release;
		};
/* End XCBuildConfiguration section */

/* Begin XCConfigurationList section */
		30BFCBBB22C57BB1003506BA /* Build configuration list for PBXProject "Nerde Yesem" */ = {
			isa = XCConfigurationList;
			buildConfigurations = (
				30BFCBE622C57BB3003506BA /* Debug */,
				30BFCBE722C57BB3003506BA /* Release */,
			);
			defaultConfigurationIsVisible = 0;
			defaultConfigurationName = Release;
		};
		30BFCBE822C57BB3003506BA /* Build configuration list for PBXNativeTarget "Nerde Yesem" */ = {
			isa = XCConfigurationList;
			buildConfigurations = (
				30BFCBE922C57BB3003506BA /* Debug */,
				30BFCBEA22C57BB3003506BA /* Release */,
			);
			defaultConfigurationIsVisible = 0;
			defaultConfigurationName = Release;
		};
		30BFCBEB22C57BB3003506BA /* Build configuration list for PBXNativeTarget "Nerde YesemTests" */ = {
			isa = XCConfigurationList;
			buildConfigurations = (
				30BFCBEC22C57BB3003506BA /* Debug */,
				30BFCBED22C57BB3003506BA /* Release */,
			);
			defaultConfigurationIsVisible = 0;
			defaultConfigurationName = Release;
		};
		30BFCBEE22C57BB3003506BA /* Build configuration list for PBXNativeTarget "Nerde YesemUITests" */ = {
			isa = XCConfigurationList;
			buildConfigurations = (
				30BFCBEF22C57BB3003506BA /* Debug */,
				30BFCBF022C57BB3003506BA /* Release */,
			);
			defaultConfigurationIsVisible = 0;
			defaultConfigurationName = Release;
		};
/* End XCConfigurationList section */
	};
	rootObject = 30BFCBB822C57BB1003506BA /* Project object */;
}
